
Microsoft Visual Studio Solution File, Format Version 12.00
# Visual Studio Version 16
VisualStudioVersion = 16.0.29418.71
MinimumVisualStudioVersion = 10.0.40219.1
Project("{FAE04EC0-301F-11D3-BF4B-00C04F79EFBC}") = "lesAppWin32", "lesAppWin32\lesAppWin32.csproj", "{B7C25B81-64BF-47AA-99C3-DB5024C050F6}"
EndProject
Global
	GlobalSection(SolutionConfigurationPlatforms) = preSolution
		Debug|Any CPU = Debug|Any CPU
		Release|Any CPU = Release|Any CPU
	EndGlobalSection
	GlobalSection(ProjectConfigurationPlatforms) = postSolution
		{B7C25B81-64BF-47AA-99C3-DB5024C050F6}.Debug|Any CPU.ActiveCfg = Debug|Any CPU
		{B7C25B81-64BF-47AA-99C3-DB5024C050F6}.Debug|Any CPU.Build.0 = Debug|Any CPU
		{B7C25B81-64BF-47AA-99C3-DB5024C050F6}.Release|Any CPU.ActiveCfg = Release|Any CPU
		{B7C25B81-64BF-47AA-99C3-DB5024C050F6}.Release|Any CPU.Build.0 = Release|Any CPU
	EndGlobalSection
	GlobalSection(SolutionProperties) = preSolution
		HideSolutionNode = FALSE
	EndGlobalSection
	GlobalSection(ExtensibilityGlobals) = postSolution
		SolutionGuid = {ACB791F6-0B58-4B46-A8A0-F1D9E09FDACD}
	EndGlobalSection
EndGlobal
