
Microsoft Visual Studio Solution File, Format Version 12.00
# Visual Studio Version 16
VisualStudioVersion = 16.0.29418.71
MinimumVisualStudioVersion = 10.0.40219.1
Project("{FAE04EC0-301F-11D3-BF4B-00C04F79EFBC}") = "lesApp", "lesApp\lesApp.csproj", "{2217D5D4-D09A-4B31-A27A-B7A13BB476D7}"
EndProject
Global
	GlobalSection(SolutionConfigurationPlatforms) = preSolution
		Debug|Any CPU = Debug|Any CPU
		Release|Any CPU = Release|Any CPU
	EndGlobalSection
	GlobalSection(ProjectConfigurationPlatforms) = postSolution
		{2217D5D4-D09A-4B31-A27A-B7A13BB476D7}.Debug|Any CPU.ActiveCfg = Debug|Any CPU
		{2217D5D4-D09A-4B31-A27A-B7A13BB476D7}.Debug|Any CPU.Build.0 = Debug|Any CPU
		{2217D5D4-D09A-4B31-A27A-B7A13BB476D7}.Release|Any CPU.ActiveCfg = Release|Any CPU
		{2217D5D4-D09A-4B31-A27A-B7A13BB476D7}.Release|Any CPU.Build.0 = Release|Any CPU
	EndGlobalSection
	GlobalSection(SolutionProperties) = preSolution
		HideSolutionNode = FALSE
	EndGlobalSection
	GlobalSection(ExtensibilityGlobals) = postSolution
		SolutionGuid = {FD520139-63D3-41EB-A49A-B366D71A54C3}
	EndGlobalSection
EndGlobal
